// !$*UTF8*$!
{
	archiveVersion = 1;
	classes = {
	};
	objectVersion = 50;
	objects = {

/* Begin PBXBuildFile section */
		BD41251725A7460D00264EC2 /* HomeViewController.swift in Sources */ = {isa = PBXBuildFile; fileRef = BD41251625A7460D00264EC2 /* HomeViewController.swift */; };
		BD41251A25A7463F00264EC2 /* MyListViewController.swift in Sources */ = {isa = PBXBuildFile; fileRef = BD41251925A7463F00264EC2 /* MyListViewController.swift */; };
		BD41251D25A7465700264EC2 /* ProfileViewController.swift in Sources */ = {isa = PBXBuildFile; fileRef = BD41251C25A7465700264EC2 /* ProfileViewController.swift */; };
		BD9554F425A08F8300DB23E3 /* AppDelegate.swift in Sources */ = {isa = PBXBuildFile; fileRef = BD9554F325A08F8300DB23E3 /* AppDelegate.swift */; };
		BD9554F625A08F8300DB23E3 /* SceneDelegate.swift in Sources */ = {isa = PBXBuildFile; fileRef = BD9554F525A08F8300DB23E3 /* SceneDelegate.swift */; };
		BD9554FB25A08F8300DB23E3 /* Main.storyboard in Resources */ = {isa = PBXBuildFile; fileRef = BD9554F925A08F8300DB23E3 /* Main.storyboard */; };
		BD9554FD25A08F8400DB23E3 /* Assets.xcassets in Resources */ = {isa = PBXBuildFile; fileRef = BD9554FC25A08F8400DB23E3 /* Assets.xcassets */; };
		BD95550025A08F8400DB23E3 /* LaunchScreen.storyboard in Resources */ = {isa = PBXBuildFile; fileRef = BD9554FE25A08F8400DB23E3 /* LaunchScreen.storyboard */; };
/* End PBXBuildFile section */

/* Begin PBXFileReference section */
		BD41251625A7460D00264EC2 /* HomeViewController.swift */ = {isa = PBXFileReference; lastKnownFileType = sourcecode.swift; path = HomeViewController.swift; sourceTree = "<group>"; };
		BD41251925A7463F00264EC2 /* MyListViewController.swift */ = {isa = PBXFileReference; lastKnownFileType = sourcecode.swift; path = MyListViewController.swift; sourceTree = "<group>"; };
		BD41251C25A7465700264EC2 /* ProfileViewController.swift */ = {isa = PBXFileReference; lastKnownFileType = sourcecode.swift; path = ProfileViewController.swift; sourceTree = "<group>"; };
		BD9554F025A08F8300DB23E3 /* Jup-Jup.app */ = {isa = PBXFileReference; explicitFileType = wrapper.application; includeInIndex = 0; path = "Jup-Jup.app"; sourceTree = BUILT_PRODUCTS_DIR; };
		BD9554F325A08F8300DB23E3 /* AppDelegate.swift */ = {isa = PBXFileReference; lastKnownFileType = sourcecode.swift; path = AppDelegate.swift; sourceTree = "<group>"; };
		BD9554F525A08F8300DB23E3 /* SceneDelegate.swift */ = {isa = PBXFileReference; lastKnownFileType = sourcecode.swift; path = SceneDelegate.swift; sourceTree = "<group>"; };
		BD9554FA25A08F8300DB23E3 /* Base */ = {isa = PBXFileReference; lastKnownFileType = file.storyboard; name = Base; path = Base.lproj/Main.storyboard; sourceTree = "<group>"; };
		BD9554FC25A08F8400DB23E3 /* Assets.xcassets */ = {isa = PBXFileReference; lastKnownFileType = folder.assetcatalog; path = Assets.xcassets; sourceTree = "<group>"; };
		BD9554FF25A08F8400DB23E3 /* Base */ = {isa = PBXFileReference; lastKnownFileType = file.storyboard; name = Base; path = Base.lproj/LaunchScreen.storyboard; sourceTree = "<group>"; };
		BD95550125A08F8400DB23E3 /* Info.plist */ = {isa = PBXFileReference; lastKnownFileType = text.plist.xml; path = Info.plist; sourceTree = "<group>"; };
/* End PBXFileReference section */

/* Begin PBXFrameworksBuildPhase section */
		BD9554ED25A08F8300DB23E3 /* Frameworks */ = {
			isa = PBXFrameworksBuildPhase;
			buildActionMask = 2147483647;
			files = (
			);
			runOnlyForDeploymentPostprocessing = 0;
		};
/* End PBXFrameworksBuildPhase section */

/* Begin PBXGroup section */
		BD41251425A7417600264EC2 /* Controller */ = {
			isa = PBXGroup;
			children = (
				BD41251625A7460D00264EC2 /* HomeViewController.swift */,
				BD41251925A7463F00264EC2 /* MyListViewController.swift */,
				BD41251C25A7465700264EC2 /* ProfileViewController.swift */,
			);
			path = Controller;
			sourceTree = "<group>";
		};
		BD9554E725A08F8300DB23E3 = {
			isa = PBXGroup;
			children = (
				BD9554F225A08F8300DB23E3 /* Jup-Jup */,
				BD9554F125A08F8300DB23E3 /* Products */,
			);
			sourceTree = "<group>";
		};
		BD9554F125A08F8300DB23E3 /* Products */ = {
			isa = PBXGroup;
			children = (
				BD9554F025A08F8300DB23E3 /* Jup-Jup.app */,
			);
			name = Products;
			sourceTree = "<group>";
		};
		BD9554F225A08F8300DB23E3 /* Jup-Jup */ = {
			isa = PBXGroup;
			children = (
				BD9554F325A08F8300DB23E3 /* AppDelegate.swift */,
				BD9554F525A08F8300DB23E3 /* SceneDelegate.swift */,
				BD41251425A7417600264EC2 /* Controller */,
				BD9554F925A08F8300DB23E3 /* Main.storyboard */,
				BD9554FC25A08F8400DB23E3 /* Assets.xcassets */,
				BD9554FE25A08F8400DB23E3 /* LaunchScreen.storyboard */,
				BD95550125A08F8400DB23E3 /* Info.plist */,
			);
			path = "Jup-Jup";
			sourceTree = "<group>";
		};
/* End PBXGroup section */

/* Begin PBXNativeTarget section */
		BD9554EF25A08F8300DB23E3 /* Jup-Jup */ = {
			isa = PBXNativeTarget;
			buildConfigurationList = BD95550425A08F8400DB23E3 /* Build configuration list for PBXNativeTarget "Jup-Jup" */;
			buildPhases = (
				BD9554EC25A08F8300DB23E3 /* Sources */,
				BD9554ED25A08F8300DB23E3 /* Frameworks */,
				BD9554EE25A08F8300DB23E3 /* Resources */,
			);
			buildRules = (
			);
			dependencies = (
			);
			name = "Jup-Jup";
			productName = "Jup-Jup";
			productReference = BD9554F025A08F8300DB23E3 /* Jup-Jup.app */;
			productType = "com.apple.product-type.application";
		};
/* End PBXNativeTarget section */

/* Begin PBXProject section */
		BD9554E825A08F8300DB23E3 /* Project object */ = {
			isa = PBXProject;
			attributes = {
				LastSwiftUpdateCheck = 1230;
				LastUpgradeCheck = 1230;
				TargetAttributes = {
					BD9554EF25A08F8300DB23E3 = {
						CreatedOnToolsVersion = 12.3;
					};
				};
			};
			buildConfigurationList = BD9554EB25A08F8300DB23E3 /* Build configuration list for PBXProject "Jup-Jup" */;
			compatibilityVersion = "Xcode 9.3";
			developmentRegion = en;
			hasScannedForEncodings = 0;
			knownRegions = (
				en,
				Base,
			);
			mainGroup = BD9554E725A08F8300DB23E3;
			productRefGroup = BD9554F125A08F8300DB23E3 /* Products */;
			projectDirPath = "";
			projectRoot = "";
			targets = (
				BD9554EF25A08F8300DB23E3 /* Jup-Jup */,
			);
		};
/* End PBXProject section */

/* Begin PBXResourcesBuildPhase section */
		BD9554EE25A08F8300DB23E3 /* Resources */ = {
			isa = PBXResourcesBuildPhase;
			buildActionMask = 2147483647;
			files = (
				BD95550025A08F8400DB23E3 /* LaunchScreen.storyboard in Resources */,
				BD9554FD25A08F8400DB23E3 /* Assets.xcassets in Resources */,
				BD9554FB25A08F8300DB23E3 /* Main.storyboard in Resources */,
			);
			runOnlyForDeploymentPostprocessing = 0;
		};
/* End PBXResourcesBuildPhase section */

/* Begin PBXSourcesBuildPhase section */
		BD9554EC25A08F8300DB23E3 /* Sources */ = {
			isa = PBXSourcesBuildPhase;
			buildActionMask = 2147483647;
			files = (
				BD9554F425A08F8300DB23E3 /* AppDelegate.swift in Sources */,
				BD9554F625A08F8300DB23E3 /* SceneDelegate.swift in Sources */,
				BD41251D25A7465700264EC2 /* ProfileViewController.swift in Sources */,
				BD41251A25A7463F00264EC2 /* MyListViewController.swift in Sources */,
				BD41251725A7460D00264EC2 /* HomeViewController.swift in Sources */,
			);
			runOnlyForDeploymentPostprocessing = 0;
		};
/* End PBXSourcesBuildPhase section */

/* Begin PBXVariantGroup section */
		BD9554F925A08F8300DB23E3 /* Main.storyboard */ = {
			isa = PBXVariantGroup;
			children = (
				BD9554FA25A08F8300DB23E3 /* Base */,
			);
			name = Main.storyboard;
			sourceTree = "<group>";
		};
		BD9554FE25A08F8400DB23E3 /* LaunchScreen.storyboard */ = {
			isa = PBXVariantGroup;
			children = (
				BD9554FF25A08F8400DB23E3 /* Base */,
			);
			name = LaunchScreen.storyboard;
			sourceTree = "<group>";
		};
/* End PBXVariantGroup section */

/* Begin XCBuildConfiguration section */
		BD95550225A08F8400DB23E3 /* Debug */ = {
			isa = XCBuildConfiguration;
			buildSettings = {
				ALWAYS_SEARCH_USER_PATHS = NO;
				CLANG_ANALYZER_NONNULL = YES;
				CLANG_ANALYZER_NUMBER_OBJECT_CONVERSION = YES_AGGRESSIVE;
				CLANG_CXX_LANGUAGE_STANDARD = "gnu++14";
				CLANG_CXX_LIBRARY = "libc++";
				CLANG_ENABLE_MODULES = YES;
				CLANG_ENABLE_OBJC_ARC = YES;
				CLANG_ENABLE_OBJC_WEAK = YES;
				CLANG_WARN_BLOCK_CAPTURE_AUTORELEASING = YES;
				CLANG_WARN_BOOL_CONVERSION = YES;
				CLANG_WARN_COMMA = YES;
				CLANG_WARN_CONSTANT_CONVERSION = YES;
				CLANG_WARN_DEPRECATED_OBJC_IMPLEMENTATIONS = YES;
				CLANG_WARN_DIRECT_OBJC_ISA_USAGE = YES_ERROR;
				CLANG_WARN_DOCUMENTATION_COMMENTS = YES;
				CLANG_WARN_EMPTY_BODY = YES;
				CLANG_WARN_ENUM_CONVERSION = YES;
				CLANG_WARN_INFINITE_RECURSION = YES;
				CLANG_WARN_INT_CONVERSION = YES;
				CLANG_WARN_NON_LITERAL_NULL_CONVERSION = YES;
				CLANG_WARN_OBJC_IMPLICIT_RETAIN_SELF = YES;
				CLANG_WARN_OBJC_LITERAL_CONVERSION = YES;
				CLANG_WARN_OBJC_ROOT_CLASS = YES_ERROR;
				CLANG_WARN_QUOTED_INCLUDE_IN_FRAMEWORK_HEADER = YES;
				CLANG_WARN_RANGE_LOOP_ANALYSIS = YES;
				CLANG_WARN_STRICT_PROTOTYPES = YES;
				CLANG_WARN_SUSPICIOUS_MOVE = YES;
				CLANG_WARN_UNGUARDED_AVAILABILITY = YES_AGGRESSIVE;
				CLANG_WARN_UNREACHABLE_CODE = YES;
				CLANG_WARN__DUPLICATE_METHOD_MATCH = YES;
				COPY_PHASE_STRIP = NO;
				DEBUG_INFORMATION_FORMAT = dwarf;
				ENABLE_STRICT_OBJC_MSGSEND = YES;
				ENABLE_TESTABILITY = YES;
				GCC_C_LANGUAGE_STANDARD = gnu11;
				GCC_DYNAMIC_NO_PIC = NO;
				GCC_NO_COMMON_BLOCKS = YES;
				GCC_OPTIMIZATION_LEVEL = 0;
				GCC_PREPROCESSOR_DEFINITIONS = (
					"DEBUG=1",
					"$(inherited)",
				);
				GCC_WARN_64_TO_32_BIT_CONVERSION = YES;
				GCC_WARN_ABOUT_RETURN_TYPE = YES_ERROR;
				GCC_WARN_UNDECLARED_SELECTOR = YES;
				GCC_WARN_UNINITIALIZED_AUTOS = YES_AGGRESSIVE;
				GCC_WARN_UNUSED_FUNCTION = YES;
				GCC_WARN_UNUSED_VARIABLE = YES;
				IPHONEOS_DEPLOYMENT_TARGET = 14.3;
				MTL_ENABLE_DEBUG_INFO = INCLUDE_SOURCE;
				MTL_FAST_MATH = YES;
				ONLY_ACTIVE_ARCH = YES;
				SDKROOT = iphoneos;
				SWIFT_ACTIVE_COMPILATION_CONDITIONS = DEBUG;
				SWIFT_OPTIMIZATION_LEVEL = "-Onone";
			};
			name = Debug;
		};
		BD95550325A08F8400DB23E3 /* Release */ = {
			isa = XCBuildConfiguration;
			buildSettings = {
				ALWAYS_SEARCH_USER_PATHS = NO;
				CLANG_ANALYZER_NONNULL = YES;
				CLANG_ANALYZER_NUMBER_OBJECT_CONVERSION = YES_AGGRESSIVE;
				CLANG_CXX_LANGUAGE_STANDARD = "gnu++14";
				CLANG_CXX_LIBRARY = "libc++";
				CLANG_ENABLE_MODULES = YES;
				CLANG_ENABLE_OBJC_ARC = YES;
				CLANG_ENABLE_OBJC_WEAK = YES;
				CLANG_WARN_BLOCK_CAPTURE_AUTORELEASING = YES;
				CLANG_WARN_BOOL_CONVERSION = YES;
				CLANG_WARN_COMMA = YES;
				CLANG_WARN_CONSTANT_CONVERSION = YES;
				CLANG_WARN_DEPRECATED_OBJC_IMPLEMENTATIONS = YES;
				CLANG_WARN_DIRECT_OBJC_ISA_USAGE = YES_ERROR;
				CLANG_WARN_DOCUMENTATION_COMMENTS = YES;
				CLANG_WARN_EMPTY_BODY = YES;
				CLANG_WARN_ENUM_CONVERSION = YES;
				CLANG_WARN_INFINITE_RECURSION = YES;
				CLANG_WARN_INT_CONVERSION = YES;
				CLANG_WARN_NON_LITERAL_NULL_CONVERSION = YES;
				CLANG_WARN_OBJC_IMPLICIT_RETAIN_SELF = YES;
				CLANG_WARN_OBJC_LITERAL_CONVERSION = YES;
				CLANG_WARN_OBJC_ROOT_CLASS = YES_ERROR;
				CLANG_WARN_QUOTED_INCLUDE_IN_FRAMEWORK_HEADER = YES;
				CLANG_WARN_RANGE_LOOP_ANALYSIS = YES;
				CLANG_WARN_STRICT_PROTOTYPES = YES;
				CLANG_WARN_SUSPICIOUS_MOVE = YES;
				CLANG_WARN_UNGUARDED_AVAILABILITY = YES_AGGRESSIVE;
				CLANG_WARN_UNREACHABLE_CODE = YES;
				CLANG_WARN__DUPLICATE_METHOD_MATCH = YES;
				COPY_PHASE_STRIP = NO;
				DEBUG_INFORMATION_FORMAT = "dwarf-with-dsym";
				ENABLE_NS_ASSERTIONS = NO;
				ENABLE_STRICT_OBJC_MSGSEND = YES;
				GCC_C_LANGUAGE_STANDARD = gnu11;
				GCC_NO_COMMON_BLOCKS = YES;
				GCC_WARN_64_TO_32_BIT_CONVERSION = YES;
				GCC_WARN_ABOUT_RETURN_TYPE = YES_ERROR;
				GCC_WARN_UNDECLARED_SELECTOR = YES;
				GCC_WARN_UNINITIALIZED_AUTOS = YES_AGGRESSIVE;
				GCC_WARN_UNUSED_FUNCTION = YES;
				GCC_WARN_UNUSED_VARIABLE = YES;
				IPHONEOS_DEPLOYMENT_TARGET = 14.3;
				MTL_ENABLE_DEBUG_INFO = NO;
				MTL_FAST_MATH = YES;
				SDKROOT = iphoneos;
				SWIFT_COMPILATION_MODE = wholemodule;
				SWIFT_OPTIMIZATION_LEVEL = "-O";
				VALIDATE_PRODUCT = YES;
			};
			name = Release;
		};
		BD95550525A08F8400DB23E3 /* Debug */ = {
			isa = XCBuildConfiguration;
			buildSettings = {
				ASSETCATALOG_COMPILER_APPICON_NAME = AppIcon;
				ASSETCATALOG_COMPILER_GLOBAL_ACCENT_COLOR_NAME = AccentColor;
				CODE_SIGN_STYLE = Automatic;
				INFOPLIST_FILE = "Jup-Jup/Info.plist";
				LD_RUNPATH_SEARCH_PATHS = (
					"$(inherited)",
					"@executable_path/Frameworks",
				);
				PRODUCT_BUNDLE_IDENTIFIER = "com.yourcompany.Jup-Jup";
				PRODUCT_NAME = "$(TARGET_NAME)";
				SWIFT_VERSION = 5.0;
				TARGETED_DEVICE_FAMILY = 1;
			};
			name = Debug;
		};
		BD95550625A08F8400DB23E3 /* Release */ = {
			isa = XCBuildConfiguration;
			buildSettings = {
				ASSETCATALOG_COMPILER_APPICON_NAME = AppIcon;
				ASSETCATALOG_COMPILER_GLOBAL_ACCENT_COLOR_NAME = AccentColor;
				CODE_SIGN_STYLE = Automatic;
				INFOPLIST_FILE = "Jup-Jup/Info.plist";
				LD_RUNPATH_SEARCH_PATHS = (
					"$(inherited)",
					"@executable_path/Frameworks",
				);
				PRODUCT_BUNDLE_IDENTIFIER = "com.yourcompany.Jup-Jup";
				PRODUCT_NAME = "$(TARGET_NAME)";
				SWIFT_VERSION = 5.0;
				TARGETED_DEVICE_FAMILY = 1;
			};
			name = Release;
		};
/* End XCBuildConfiguration section */

/* Begin XCConfigurationList section */
		BD9554EB25A08F8300DB23E3 /* Build configuration list for PBXProject "Jup-Jup" */ = {
			isa = XCConfigurationList;
			buildConfigurations = (
				BD95550225A08F8400DB23E3 /* Debug */,
				BD95550325A08F8400DB23E3 /* Release */,
			);
			defaultConfigurationIsVisible = 0;
			defaultConfigurationName = Release;
		};
		BD95550425A08F8400DB23E3 /* Build configuration list for PBXNativeTarget "Jup-Jup" */ = {
			isa = XCConfigurationList;
			buildConfigurations = (
				BD95550525A08F8400DB23E3 /* Debug */,
				BD95550625A08F8400DB23E3 /* Release */,
			);
			defaultConfigurationIsVisible = 0;
			defaultConfigurationName = Release;
		};
/* End XCConfigurationList section */
	};
	rootObject = BD9554E825A08F8300DB23E3 /* Project object */;
}
